
Microsoft Visual Studio Solution File, Format Version 11.00
# Visual Studio 2010
Project("{FAE04EC0-301F-11D3-BF4B-00C04F79EFBC}") = "WebApplication2", "WebApplication2\WebApplication2.csproj", "{F5682C11-47DE-40E8-A6C4-B75C4CC773C0}"
EndProject
Global
	GlobalSection(SolutionConfigurationPlatforms) = preSolution
		Debug|Any CPU = Debug|Any CPU
		Release|Any CPU = Release|Any CPU
	EndGlobalSection
	GlobalSection(ProjectConfigurationPlatforms) = postSolution
		{F5682C11-47DE-40E8-A6C4-B75C4CC773C0}.Debug|Any CPU.ActiveCfg = Debug|Any CPU
		{F5682C11-47DE-40E8-A6C4-B75C4CC773C0}.Debug|Any CPU.Build.0 = Debug|Any CPU
		{F5682C11-47DE-40E8-A6C4-B75C4CC773C0}.Release|Any CPU.ActiveCfg = Release|Any CPU
		{F5682C11-47DE-40E8-A6C4-B75C4CC773C0}.Release|Any CPU.Build.0 = Release|Any CPU
	EndGlobalSection
	GlobalSection(SolutionProperties) = preSolution
		HideSolutionNode = FALSE
	EndGlobalSection
EndGlobal
